
Microsoft Visual Studio Solution File, Format Version 12.00
# Visual Studio 14
VisualStudioVersion = 14.0.25420.1
MinimumVisualStudioVersion = 10.0.40219.1
Project("{FAE04EC0-301F-11D3-BF4B-00C04F79EFBC}") = "lesson-4", "lesson-4\lesson-4.csproj", "{676DFEC3-98BD-48B8-A465-17BA4A066956}"
EndProject
Project("{FAE04EC0-301F-11D3-BF4B-00C04F79EFBC}") = "lesson-4_2", "lesson-4_2\lesson-4_2.csproj", "{2CCC7456-988E-4678-9502-19B35FDD4CA0}"
EndProject
Project("{FAE04EC0-301F-11D3-BF4B-00C04F79EFBC}") = "lesson-4_3", "lesson-4_3\lesson-4_3.csproj", "{63CE7360-9F04-4D4F-9584-1F5902F44031}"
EndProject
Global
	GlobalSection(SolutionConfigurationPlatforms) = preSolution
		Debug|Any CPU = Debug|Any CPU
		Release|Any CPU = Release|Any CPU
	EndGlobalSection
	GlobalSection(ProjectConfigurationPlatforms) = postSolution
		{676DFEC3-98BD-48B8-A465-17BA4A066956}.Debug|Any CPU.ActiveCfg = Debug|Any CPU
		{676DFEC3-98BD-48B8-A465-17BA4A066956}.Debug|Any CPU.Build.0 = Debug|Any CPU
		{676DFEC3-98BD-48B8-A465-17BA4A066956}.Release|Any CPU.ActiveCfg = Release|Any CPU
		{676DFEC3-98BD-48B8-A465-17BA4A066956}.Release|Any CPU.Build.0 = Release|Any CPU
		{2CCC7456-988E-4678-9502-19B35FDD4CA0}.Debug|Any CPU.ActiveCfg = Debug|Any CPU
		{2CCC7456-988E-4678-9502-19B35FDD4CA0}.Debug|Any CPU.Build.0 = Debug|Any CPU
		{2CCC7456-988E-4678-9502-19B35FDD4CA0}.Release|Any CPU.ActiveCfg = Release|Any CPU
		{2CCC7456-988E-4678-9502-19B35FDD4CA0}.Release|Any CPU.Build.0 = Release|Any CPU
		{63CE7360-9F04-4D4F-9584-1F5902F44031}.Debug|Any CPU.ActiveCfg = Debug|Any CPU
		{63CE7360-9F04-4D4F-9584-1F5902F44031}.Debug|Any CPU.Build.0 = Debug|Any CPU
		{63CE7360-9F04-4D4F-9584-1F5902F44031}.Release|Any CPU.ActiveCfg = Release|Any CPU
		{63CE7360-9F04-4D4F-9584-1F5902F44031}.Release|Any CPU.Build.0 = Release|Any CPU
	EndGlobalSection
	GlobalSection(SolutionProperties) = preSolution
		HideSolutionNode = FALSE
	EndGlobalSection
EndGlobal
